// !$*UTF8*$!
{
	archiveVersion = 1;
	classes = {
	};
	objectVersion = 46;
	objects = {

/* Begin PBXBuildFile section */
		085F1F341F72E50500D0B2AA /* AppDelegate.swift in Sources */ = {isa = PBXBuildFile; fileRef = 085F1F331F72E50500D0B2AA /* AppDelegate.swift */; };
		085F1F361F72E50500D0B2AA /* ViewController.swift in Sources */ = {isa = PBXBuildFile; fileRef = 085F1F351F72E50500D0B2AA /* ViewController.swift */; };
		085F1F391F72E50500D0B2AA /* Main.storyboard in Resources */ = {isa = PBXBuildFile; fileRef = 085F1F371F72E50500D0B2AA /* Main.storyboard */; };
		085F1F3B1F72E50500D0B2AA /* Assets.xcassets in Resources */ = {isa = PBXBuildFile; fileRef = 085F1F3A1F72E50500D0B2AA /* Assets.xcassets */; };
		085F1F3E1F72E50500D0B2AA /* LaunchScreen.storyboard in Resources */ = {isa = PBXBuildFile; fileRef = 085F1F3C1F72E50500D0B2AA /* LaunchScreen.storyboard */; };
		085F1F491F72E50600D0B2AA /* QuizTests.swift in Sources */ = {isa = PBXBuildFile; fileRef = 085F1F481F72E50600D0B2AA /* QuizTests.swift */; };
/* End PBXBuildFile section */

/* Begin PBXContainerItemProxy section */
		085F1F451F72E50600D0B2AA /* PBXContainerItemProxy */ = {
			isa = PBXContainerItemProxy;
			containerPortal = 085F1F281F72E50500D0B2AA /* Project object */;
			proxyType = 1;
			remoteGlobalIDString = 085F1F2F1F72E50500D0B2AA;
			remoteInfo = Quiz;
		};
/* End PBXContainerItemProxy section */

/* Begin PBXFileReference section */
		085F1F301F72E50500D0B2AA /* Quiz.app */ = {isa = PBXFileReference; explicitFileType = wrapper.application; includeInIndex = 0; path = Quiz.app; sourceTree = BUILT_PRODUCTS_DIR; };
		085F1F331F72E50500D0B2AA /* AppDelegate.swift */ = {isa = PBXFileReference; lastKnownFileType = sourcecode.swift; path = AppDelegate.swift; sourceTree = "<group>"; };
		085F1F351F72E50500D0B2AA /* ViewController.swift */ = {isa = PBXFileReference; lastKnownFileType = sourcecode.swift; path = ViewController.swift; sourceTree = "<group>"; };
		085F1F381F72E50500D0B2AA /* Base */ = {isa = PBXFileReference; lastKnownFileType = file.storyboard; name = Base; path = Base.lproj/Main.storyboard; sourceTree = "<group>"; };
		085F1F3A1F72E50500D0B2AA /* Assets.xcassets */ = {isa = PBXFileReference; lastKnownFileType = folder.assetcatalog; path = Assets.xcassets; sourceTree = "<group>"; };
		085F1F3D1F72E50500D0B2AA /* Base */ = {isa = PBXFileReference; lastKnownFileType = file.storyboard; name = Base; path = Base.lproj/LaunchScreen.storyboard; sourceTree = "<group>"; };
		085F1F3F1F72E50500D0B2AA /* Info.plist */ = {isa = PBXFileReference; lastKnownFileType = text.plist.xml; path = Info.plist; sourceTree = "<group>"; };
		085F1F441F72E50500D0B2AA /* QuizTests.xctest */ = {isa = PBXFileReference; explicitFileType = wrapper.cfbundle; includeInIndex = 0; path = QuizTests.xctest; sourceTree = BUILT_PRODUCTS_DIR; };
		085F1F481F72E50600D0B2AA /* QuizTests.swift */ = {isa = PBXFileReference; lastKnownFileType = sourcecode.swift; path = QuizTests.swift; sourceTree = "<group>"; };
		085F1F4A1F72E50600D0B2AA /* Info.plist */ = {isa = PBXFileReference; lastKnownFileType = text.plist.xml; path = Info.plist; sourceTree = "<group>"; };
/* End PBXFileReference section */

/* Begin PBXFrameworksBuildPhase section */
		085F1F2D1F72E50500D0B2AA /* Frameworks */ = {
			isa = PBXFrameworksBuildPhase;
			buildActionMask = 2147483647;
			files = (
			);
			runOnlyForDeploymentPostprocessing = 0;
		};
		085F1F411F72E50500D0B2AA /* Frameworks */ = {
			isa = PBXFrameworksBuildPhase;
			buildActionMask = 2147483647;
			files = (
			);
			runOnlyForDeploymentPostprocessing = 0;
		};
/* End PBXFrameworksBuildPhase section */

/* Begin PBXGroup section */
		085F1F271F72E50500D0B2AA = {
			isa = PBXGroup;
			children = (
				085F1F321F72E50500D0B2AA /* Quiz */,
				085F1F471F72E50600D0B2AA /* QuizTests */,
				085F1F311F72E50500D0B2AA /* Products */,
			);
			sourceTree = "<group>";
		};
		085F1F311F72E50500D0B2AA /* Products */ = {
			isa = PBXGroup;
			children = (
				085F1F301F72E50500D0B2AA /* Quiz.app */,
				085F1F441F72E50500D0B2AA /* QuizTests.xctest */,
			);
			name = Products;
			sourceTree = "<group>";
		};
		085F1F321F72E50500D0B2AA /* Quiz */ = {
			isa = PBXGroup;
			children = (
				085F1F331F72E50500D0B2AA /* AppDelegate.swift */,
				085F1F351F72E50500D0B2AA /* ViewController.swift */,
				085F1F371F72E50500D0B2AA /* Main.storyboard */,
				085F1F3A1F72E50500D0B2AA /* Assets.xcassets */,
				085F1F3C1F72E50500D0B2AA /* LaunchScreen.storyboard */,
				085F1F3F1F72E50500D0B2AA /* Info.plist */,
			);
			path = Quiz;
			sourceTree = "<group>";
		};
		085F1F471F72E50600D0B2AA /* QuizTests */ = {
			isa = PBXGroup;
			children = (
				085F1F481F72E50600D0B2AA /* QuizTests.swift */,
				085F1F4A1F72E50600D0B2AA /* Info.plist */,
			);
			path = QuizTests;
			sourceTree = "<group>";
		};
/* End PBXGroup section */

/* Begin PBXNativeTarget section */
		085F1F2F1F72E50500D0B2AA /* Quiz */ = {
			isa = PBXNativeTarget;
			buildConfigurationList = 085F1F4D1F72E50600D0B2AA /* Build configuration list for PBXNativeTarget "Quiz" */;
			buildPhases = (
				085F1F2C1F72E50500D0B2AA /* Sources */,
				085F1F2D1F72E50500D0B2AA /* Frameworks */,
				085F1F2E1F72E50500D0B2AA /* Resources */,
			);
			buildRules = (
			);
			dependencies = (
			);
			name = Quiz;
			productName = Quiz;
			productReference = 085F1F301F72E50500D0B2AA /* Quiz.app */;
			productType = "com.apple.product-type.application";
		};
		085F1F431F72E50500D0B2AA /* QuizTests */ = {
			isa = PBXNativeTarget;
			buildConfigurationList = 085F1F501F72E50600D0B2AA /* Build configuration list for PBXNativeTarget "QuizTests" */;
			buildPhases = (
				085F1F401F72E50500D0B2AA /* Sources */,
				085F1F411F72E50500D0B2AA /* Frameworks */,
				085F1F421F72E50500D0B2AA /* Resources */,
			);
			buildRules = (
			);
			dependencies = (
				085F1F461F72E50600D0B2AA /* PBXTargetDependency */,
			);
			name = QuizTests;
			productName = QuizTests;
			productReference = 085F1F441F72E50500D0B2AA /* QuizTests.xctest */;
			productType = "com.apple.product-type.bundle.unit-test";
		};
/* End PBXNativeTarget section */

/* Begin PBXProject section */
		085F1F281F72E50500D0B2AA /* Project object */ = {
			isa = PBXProject;
			attributes = {
				LastSwiftUpdateCheck = 0830;
				LastUpgradeCheck = 0830;
				ORGANIZATIONNAME = "Susan Kamies";
				TargetAttributes = {
					085F1F2F1F72E50500D0B2AA = {
						CreatedOnToolsVersion = 8.3.3;
						ProvisioningStyle = Automatic;
					};
					085F1F431F72E50500D0B2AA = {
						CreatedOnToolsVersion = 8.3.3;
						ProvisioningStyle = Automatic;
						TestTargetID = 085F1F2F1F72E50500D0B2AA;
					};
				};
			};
			buildConfigurationList = 085F1F2B1F72E50500D0B2AA /* Build configuration list for PBXProject "Quiz" */;
			compatibilityVersion = "Xcode 3.2";
			developmentRegion = English;
			hasScannedForEncodings = 0;
			knownRegions = (
				en,
				Base,
			);
			mainGroup = 085F1F271F72E50500D0B2AA;
			productRefGroup = 085F1F311F72E50500D0B2AA /* Products */;
			projectDirPath = "";
			projectRoot = "";
			targets = (
				085F1F2F1F72E50500D0B2AA /* Quiz */,
				085F1F431F72E50500D0B2AA /* QuizTests */,
			);
		};
/* End PBXProject section */

/* Begin PBXResourcesBuildPhase section */
		085F1F2E1F72E50500D0B2AA /* Resources */ = {
			isa = PBXResourcesBuildPhase;
			buildActionMask = 2147483647;
			files = (
				085F1F3E1F72E50500D0B2AA /* LaunchScreen.storyboard in Resources */,
				085F1F3B1F72E50500D0B2AA /* Assets.xcassets in Resources */,
				085F1F391F72E50500D0B2AA /* Main.storyboard in Resources */,
			);
			runOnlyForDeploymentPostprocessing = 0;
		};
		085F1F421F72E50500D0B2AA /* Resources */ = {
			isa = PBXResourcesBuildPhase;
			buildActionMask = 2147483647;
			files = (
			);
			runOnlyForDeploymentPostprocessing = 0;
		};
/* End PBXResourcesBuildPhase section */

/* Begin PBXSourcesBuildPhase section */
		085F1F2C1F72E50500D0B2AA /* Sources */ = {
			isa = PBXSourcesBuildPhase;
			buildActionMask = 2147483647;
			files = (
				085F1F361F72E50500D0B2AA /* ViewController.swift in Sources */,
				085F1F341F72E50500D0B2AA /* AppDelegate.swift in Sources */,
			);
			runOnlyForDeploymentPostprocessing = 0;
		};
		085F1F401F72E50500D0B2AA /* Sources */ = {
			isa = PBXSourcesBuildPhase;
			buildActionMask = 2147483647;
			files = (
				085F1F491F72E50600D0B2AA /* QuizTests.swift in Sources */,
			);
			runOnlyForDeploymentPostprocessing = 0;
		};
/* End PBXSourcesBuildPhase section */

/* Begin PBXTargetDependency section */
		085F1F461F72E50600D0B2AA /* PBXTargetDependency */ = {
			isa = PBXTargetDependency;
			target = 085F1F2F1F72E50500D0B2AA /* Quiz */;
			targetProxy = 085F1F451F72E50600D0B2AA /* PBXContainerItemProxy */;
		};
/* End PBXTargetDependency section */

/* Begin PBXVariantGroup section */
		085F1F371F72E50500D0B2AA /* Main.storyboard */ = {
			isa = PBXVariantGroup;
			children = (
				085F1F381F72E50500D0B2AA /* Base */,
			);
			name = Main.storyboard;
			sourceTree = "<group>";
		};
		085F1F3C1F72E50500D0B2AA /* LaunchScreen.storyboard */ = {
			isa = PBXVariantGroup;
			children = (
				085F1F3D1F72E50500D0B2AA /* Base */,
			);
			name = LaunchScreen.storyboard;
			sourceTree = "<group>";
		};
/* End PBXVariantGroup section */

/* Begin XCBuildConfiguration section */
		085F1F4B1F72E50600D0B2AA /* Debug */ = {
			isa = XCBuildConfiguration;
			buildSettings = {
				ALWAYS_SEARCH_USER_PATHS = NO;
				CLANG_ANALYZER_NONNULL = YES;
				CLANG_ANALYZER_NUMBER_OBJECT_CONVERSION = YES_AGGRESSIVE;
				CLANG_CXX_LANGUAGE_STANDARD = "gnu++0x";
				CLANG_CXX_LIBRARY = "libc++";
				CLANG_ENABLE_MODULES = YES;
				CLANG_ENABLE_OBJC_ARC = YES;
				CLANG_WARN_BOOL_CONVERSION = YES;
				CLANG_WARN_CONSTANT_CONVERSION = YES;
				CLANG_WARN_DIRECT_OBJC_ISA_USAGE = YES_ERROR;
				CLANG_WARN_DOCUMENTATION_COMMENTS = YES;
				CLANG_WARN_EMPTY_BODY = YES;
				CLANG_WARN_ENUM_CONVERSION = YES;
				CLANG_WARN_INFINITE_RECURSION = YES;
				CLANG_WARN_INT_CONVERSION = YES;
				CLANG_WARN_OBJC_ROOT_CLASS = YES_ERROR;
				CLANG_WARN_SUSPICIOUS_MOVE = YES;
				CLANG_WARN_UNREACHABLE_CODE = YES;
				CLANG_WARN__DUPLICATE_METHOD_MATCH = YES;
				"CODE_SIGN_IDENTITY[sdk=iphoneos*]" = "iPhone Developer";
				COPY_PHASE_STRIP = NO;
				DEBUG_INFORMATION_FORMAT = dwarf;
				ENABLE_STRICT_OBJC_MSGSEND = YES;
				ENABLE_TESTABILITY = YES;
				GCC_C_LANGUAGE_STANDARD = gnu99;
				GCC_DYNAMIC_NO_PIC = NO;
				GCC_NO_COMMON_BLOCKS = YES;
				GCC_OPTIMIZATION_LEVEL = 0;
				GCC_PREPROCESSOR_DEFINITIONS = (
					"DEBUG=1",
					"$(inherited)",
				);
				GCC_WARN_64_TO_32_BIT_CONVERSION = YES;
				GCC_WARN_ABOUT_RETURN_TYPE = YES_ERROR;
				GCC_WARN_UNDECLARED_SELECTOR = YES;
				GCC_WARN_UNINITIALIZED_AUTOS = YES_AGGRESSIVE;
				GCC_WARN_UNUSED_FUNCTION = YES;
				GCC_WARN_UNUSED_VARIABLE = YES;
				IPHONEOS_DEPLOYMENT_TARGET = 10.3;
				MTL_ENABLE_DEBUG_INFO = YES;
				ONLY_ACTIVE_ARCH = YES;
				SDKROOT = iphoneos;
				SWIFT_ACTIVE_COMPILATION_CONDITIONS = DEBUG;
				SWIFT_OPTIMIZATION_LEVEL = "-Onone";
				TARGETED_DEVICE_FAMILY = "1,2";
			};
			name = Debug;
		};
		085F1F4C1F72E50600D0B2AA /* Release */ = {
			isa = XCBuildConfiguration;
			buildSettings = {
				ALWAYS_SEARCH_USER_PATHS = NO;
				CLANG_ANALYZER_NONNULL = YES;
				CLANG_ANALYZER_NUMBER_OBJECT_CONVERSION = YES_AGGRESSIVE;
				CLANG_CXX_LANGUAGE_STANDARD = "gnu++0x";
				CLANG_CXX_LIBRARY = "libc++";
				CLANG_ENABLE_MODULES = YES;
				CLANG_ENABLE_OBJC_ARC = YES;
				CLANG_WARN_BOOL_CONVERSION = YES;
				CLANG_WARN_CONSTANT_CONVERSION = YES;
				CLANG_WARN_DIRECT_OBJC_ISA_USAGE = YES_ERROR;
				CLANG_WARN_DOCUMENTATION_COMMENTS = YES;
				CLANG_WARN_EMPTY_BODY = YES;
				CLANG_WARN_ENUM_CONVERSION = YES;
				CLANG_WARN_INFINITE_RECURSION = YES;
				CLANG_WARN_INT_CONVERSION = YES;
				CLANG_WARN_OBJC_ROOT_CLASS = YES_ERROR;
				CLANG_WARN_SUSPICIOUS_MOVE = YES;
				CLANG_WARN_UNREACHABLE_CODE = YES;
				CLANG_WARN__DUPLICATE_METHOD_MATCH = YES;
				"CODE_SIGN_IDENTITY[sdk=iphoneos*]" = "iPhone Developer";
				COPY_PHASE_STRIP = NO;
				DEBUG_INFORMATION_FORMAT = "dwarf-with-dsym";
				ENABLE_NS_ASSERTIONS = NO;
				ENABLE_STRICT_OBJC_MSGSEND = YES;
				GCC_C_LANGUAGE_STANDARD = gnu99;
				GCC_NO_COMMON_BLOCKS = YES;
				GCC_WARN_64_TO_32_BIT_CONVERSION = YES;
				GCC_WARN_ABOUT_RETURN_TYPE = YES_ERROR;
				GCC_WARN_UNDECLARED_SELECTOR = YES;
				GCC_WARN_UNINITIALIZED_AUTOS = YES_AGGRESSIVE;
				GCC_WARN_UNUSED_FUNCTION = YES;
				GCC_WARN_UNUSED_VARIABLE = YES;
				IPHONEOS_DEPLOYMENT_TARGET = 10.3;
				MTL_ENABLE_DEBUG_INFO = NO;
				SDKROOT = iphoneos;
				SWIFT_OPTIMIZATION_LEVEL = "-Owholemodule";
				TARGETED_DEVICE_FAMILY = "1,2";
				VALIDATE_PRODUCT = YES;
			};
			name = Release;
		};
		085F1F4E1F72E50600D0B2AA /* Debug */ = {
			isa = XCBuildConfiguration;
			buildSettings = {
				ASSETCATALOG_COMPILER_APPICON_NAME = AppIcon;
				INFOPLIST_FILE = Quiz/Info.plist;
				LD_RUNPATH_SEARCH_PATHS = "$(inherited) @executable_path/Frameworks";
				PRODUCT_BUNDLE_IDENTIFIER = com.digitalsuzie.Quiz;
				PRODUCT_NAME = "$(TARGET_NAME)";
				SWIFT_VERSION = 3.0;
			};
			name = Debug;
		};
		085F1F4F1F72E50600D0B2AA /* Release */ = {
			isa = XCBuildConfiguration;
			buildSettings = {
				ASSETCATALOG_COMPILER_APPICON_NAME = AppIcon;
				INFOPLIST_FILE = Quiz/Info.plist;
				LD_RUNPATH_SEARCH_PATHS = "$(inherited) @executable_path/Frameworks";
				PRODUCT_BUNDLE_IDENTIFIER = com.digitalsuzie.Quiz;
				PRODUCT_NAME = "$(TARGET_NAME)";
				SWIFT_VERSION = 3.0;
			};
			name = Release;
		};
		085F1F511F72E50600D0B2AA /* Debug */ = {
			isa = XCBuildConfiguration;
			buildSettings = {
				ALWAYS_EMBED_SWIFT_STANDARD_LIBRARIES = YES;
				BUNDLE_LOADER = "$(TEST_HOST)";
				INFOPLIST_FILE = QuizTests/Info.plist;
				LD_RUNPATH_SEARCH_PATHS = "$(inherited) @executable_path/Frameworks @loader_path/Frameworks";
				PRODUCT_BUNDLE_IDENTIFIER = com.digitalsuzie.QuizTests;
				PRODUCT_NAME = "$(TARGET_NAME)";
				SWIFT_VERSION = 3.0;
				TEST_HOST = "$(BUILT_PRODUCTS_DIR)/Quiz.app/Quiz";
			};
			name = Debug;
		};
		085F1F521F72E50600D0B2AA /* Release */ = {
			isa = XCBuildConfiguration;
			buildSettings = {
				ALWAYS_EMBED_SWIFT_STANDARD_LIBRARIES = YES;
				BUNDLE_LOADER = "$(TEST_HOST)";
				INFOPLIST_FILE = QuizTests/Info.plist;
				LD_RUNPATH_SEARCH_PATHS = "$(inherited) @executable_path/Frameworks @loader_path/Frameworks";
				PRODUCT_BUNDLE_IDENTIFIER = com.digitalsuzie.QuizTests;
				PRODUCT_NAME = "$(TARGET_NAME)";
				SWIFT_VERSION = 3.0;
				TEST_HOST = "$(BUILT_PRODUCTS_DIR)/Quiz.app/Quiz";
			};
			name = Release;
		};
/* End XCBuildConfiguration section */

/* Begin XCConfigurationList section */
		085F1F2B1F72E50500D0B2AA /* Build configuration list for PBXProject "Quiz" */ = {
			isa = XCConfigurationList;
			buildConfigurations = (
				085F1F4B1F72E50600D0B2AA /* Debug */,
				085F1F4C1F72E50600D0B2AA /* Release */,
			);
			defaultConfigurationIsVisible = 0;
			defaultConfigurationName = Release;
		};
		085F1F4D1F72E50600D0B2AA /* Build configuration list for PBXNativeTarget "Quiz" */ = {
			isa = XCConfigurationList;
			buildConfigurations = (
				085F1F4E1F72E50600D0B2AA /* Debug */,
				085F1F4F1F72E50600D0B2AA /* Release */,
			);
			defaultConfigurationIsVisible = 0;
		};
		085F1F501F72E50600D0B2AA /* Build configuration list for PBXNativeTarget "QuizTests" */ = {
			isa = XCConfigurationList;
			buildConfigurations = (
				085F1F511F72E50600D0B2AA /* Debug */,
				085F1F521F72E50600D0B2AA /* Release */,
			);
			defaultConfigurationIsVisible = 0;
		};
/* End XCConfigurationList section */
	};
	rootObject = 085F1F281F72E50500D0B2AA /* Project object */;
}
